<?xml version="1.0" encoding="utf-8"?>
<Project ToolsVersion="17.0" xmlns="http://schemas.microsoft.com/developer/msbuild/2003">
  <ItemGroup>
    <ClCompile Include="C:\Users\pawel\Desktop\ProjektTP\tp3\TP_Projekt Actual\source\module\module.cpp">
      <Filter>Source Files</Filter>
    </ClCompile>
  </ItemGroup>
  <ItemGroup>
    <CustomBuild Include="C:\Users\pawel\Desktop\ProjektTP\tp3\TP_Projekt Actual\CMakeLists.txt" />
  </ItemGroup>
  <ItemGroup>
    <Filter Include="Source Files">
      <UniqueIdentifier>{802545C1-A787-30CB-864C-5828C298A454}</UniqueIdentifier>
    </Filter>
  </ItemGroup>
</Project>
